
Microsoft Visual Studio Solution File, Format Version 12.00
# Visual Studio Version 16
VisualStudioVersion = 16.0.31005.135
MinimumVisualStudioVersion = 10.0.40219.1
Project("{FAE04EC0-301F-11D3-BF4B-00C04F79EFBC}") = "Association", "Association\Association.csproj", "{16B9E835-A394-49E4-AB23-AB0F2BD71845}"
EndProject
Global
	GlobalSection(SolutionConfigurationPlatforms) = preSolution
		Debug|Any CPU = Debug|Any CPU
		Release|Any CPU = Release|Any CPU
	EndGlobalSection
	GlobalSection(ProjectConfigurationPlatforms) = postSolution
		{16B9E835-A394-49E4-AB23-AB0F2BD71845}.Debug|Any CPU.ActiveCfg = Debug|Any CPU
		{16B9E835-A394-49E4-AB23-AB0F2BD71845}.Debug|Any CPU.Build.0 = Debug|Any CPU
		{16B9E835-A394-49E4-AB23-AB0F2BD71845}.Release|Any CPU.ActiveCfg = Release|Any CPU
		{16B9E835-A394-49E4-AB23-AB0F2BD71845}.Release|Any CPU.Build.0 = Release|Any CPU
	EndGlobalSection
	GlobalSection(SolutionProperties) = preSolution
		HideSolutionNode = FALSE
	EndGlobalSection
	GlobalSection(ExtensibilityGlobals) = postSolution
		SolutionGuid = {03302FB9-5567-406C-9C4F-A35F23A48F7F}
	EndGlobalSection
EndGlobal
