
Microsoft Visual Studio Solution File, Format Version 12.00
# Visual Studio Version 16
VisualStudioVersion = 16.0.31005.135
MinimumVisualStudioVersion = 10.0.40219.1
Project("{FAE04EC0-301F-11D3-BF4B-00C04F79EFBC}") = "Problem_8", "Problem_8\Problem_8.csproj", "{05E99414-53CC-4BFD-AAEE-0B8B1D9FEE4B}"
EndProject
Global
	GlobalSection(SolutionConfigurationPlatforms) = preSolution
		Debug|Any CPU = Debug|Any CPU
		Release|Any CPU = Release|Any CPU
	EndGlobalSection
	GlobalSection(ProjectConfigurationPlatforms) = postSolution
		{05E99414-53CC-4BFD-AAEE-0B8B1D9FEE4B}.Debug|Any CPU.ActiveCfg = Debug|Any CPU
		{05E99414-53CC-4BFD-AAEE-0B8B1D9FEE4B}.Debug|Any CPU.Build.0 = Debug|Any CPU
		{05E99414-53CC-4BFD-AAEE-0B8B1D9FEE4B}.Release|Any CPU.ActiveCfg = Release|Any CPU
		{05E99414-53CC-4BFD-AAEE-0B8B1D9FEE4B}.Release|Any CPU.Build.0 = Release|Any CPU
	EndGlobalSection
	GlobalSection(SolutionProperties) = preSolution
		HideSolutionNode = FALSE
	EndGlobalSection
	GlobalSection(ExtensibilityGlobals) = postSolution
		SolutionGuid = {0CA1C6E4-8AB2-4215-9920-3BB6F0A8045A}
	EndGlobalSection
EndGlobal
